// !$*UTF8*$!
{
	archiveVersion = 1;
	classes = {
	};
	objectVersion = 50;
	objects = {

/* Begin PBXBuildFile section */
		AD933B3F25F40B1900BC4DC0 /* QRScannerApp.swift in Sources */ = {isa = PBXBuildFile; fileRef = AD933B3E25F40B1900BC4DC0 /* QRScannerApp.swift */; };
		AD933B4125F40B1900BC4DC0 /* ContentView.swift in Sources */ = {isa = PBXBuildFile; fileRef = AD933B4025F40B1900BC4DC0 /* ContentView.swift */; };
		AD933B4325F40B1A00BC4DC0 /* Assets.xcassets in Resources */ = {isa = PBXBuildFile; fileRef = AD933B4225F40B1A00BC4DC0 /* Assets.xcassets */; };
		AD933B4625F40B1A00BC4DC0 /* Preview Assets.xcassets in Resources */ = {isa = PBXBuildFile; fileRef = AD933B4525F40B1A00BC4DC0 /* Preview Assets.xcassets */; };
		AD933B5025F40B3200BC4DC0 /* QRDecoder.swift in Sources */ = {isa = PBXBuildFile; fileRef = AD933B4F25F40B3200BC4DC0 /* QRDecoder.swift */; };
		AD933B5325F40B9500BC4DC0 /* QRView.swift in Sources */ = {isa = PBXBuildFile; fileRef = AD933B5225F40B9500BC4DC0 /* QRView.swift */; };
		AD933B5D25F4173400BC4DC0 /* QRViewController.swift in Sources */ = {isa = PBXBuildFile; fileRef = AD933B5C25F4173400BC4DC0 /* QRViewController.swift */; };
		AD933B6225F4309300BC4DC0 /* QRMessageView.swift in Sources */ = {isa = PBXBuildFile; fileRef = AD933B6125F4309300BC4DC0 /* QRMessageView.swift */; };
/* End PBXBuildFile section */

/* Begin PBXFileReference section */
		AD933B3B25F40B1900BC4DC0 /* QRScanner.app */ = {isa = PBXFileReference; explicitFileType = wrapper.application; includeInIndex = 0; path = QRScanner.app; sourceTree = BUILT_PRODUCTS_DIR; };
		AD933B3E25F40B1900BC4DC0 /* QRScannerApp.swift */ = {isa = PBXFileReference; lastKnownFileType = sourcecode.swift; path = QRScannerApp.swift; sourceTree = "<group>"; };
		AD933B4025F40B1900BC4DC0 /* ContentView.swift */ = {isa = PBXFileReference; lastKnownFileType = sourcecode.swift; path = ContentView.swift; sourceTree = "<group>"; };
		AD933B4225F40B1A00BC4DC0 /* Assets.xcassets */ = {isa = PBXFileReference; lastKnownFileType = folder.assetcatalog; path = Assets.xcassets; sourceTree = "<group>"; };
		AD933B4525F40B1A00BC4DC0 /* Preview Assets.xcassets */ = {isa = PBXFileReference; lastKnownFileType = folder.assetcatalog; path = "Preview Assets.xcassets"; sourceTree = "<group>"; };
		AD933B4725F40B1A00BC4DC0 /* Info.plist */ = {isa = PBXFileReference; lastKnownFileType = text.plist.xml; path = Info.plist; sourceTree = "<group>"; };
		AD933B4825F40B1A00BC4DC0 /* QRScanner.entitlements */ = {isa = PBXFileReference; lastKnownFileType = text.plist.entitlements; path = QRScanner.entitlements; sourceTree = "<group>"; };
		AD933B4F25F40B3200BC4DC0 /* QRDecoder.swift */ = {isa = PBXFileReference; lastKnownFileType = sourcecode.swift; path = QRDecoder.swift; sourceTree = "<group>"; };
		AD933B5225F40B9500BC4DC0 /* QRView.swift */ = {isa = PBXFileReference; lastKnownFileType = sourcecode.swift; path = QRView.swift; sourceTree = "<group>"; };
		AD933B5C25F4173400BC4DC0 /* QRViewController.swift */ = {isa = PBXFileReference; lastKnownFileType = sourcecode.swift; path = QRViewController.swift; sourceTree = "<group>"; };
		AD933B6125F4309300BC4DC0 /* QRMessageView.swift */ = {isa = PBXFileReference; lastKnownFileType = sourcecode.swift; path = QRMessageView.swift; sourceTree = "<group>"; };
/* End PBXFileReference section */

/* Begin PBXFrameworksBuildPhase section */
		AD933B3825F40B1900BC4DC0 /* Frameworks */ = {
			isa = PBXFrameworksBuildPhase;
			buildActionMask = 2147483647;
			files = (
			);
			runOnlyForDeploymentPostprocessing = 0;
		};
/* End PBXFrameworksBuildPhase section */

/* Begin PBXGroup section */
		AD933B3225F40B1900BC4DC0 = {
			isa = PBXGroup;
			children = (
				AD933B3D25F40B1900BC4DC0 /* QRScanner */,
				AD933B3C25F40B1900BC4DC0 /* Products */,
			);
			sourceTree = "<group>";
		};
		AD933B3C25F40B1900BC4DC0 /* Products */ = {
			isa = PBXGroup;
			children = (
				AD933B3B25F40B1900BC4DC0 /* QRScanner.app */,
			);
			name = Products;
			sourceTree = "<group>";
		};
		AD933B3D25F40B1900BC4DC0 /* QRScanner */ = {
			isa = PBXGroup;
			children = (
				AD933B4825F40B1A00BC4DC0 /* QRScanner.entitlements */,
				AD933B4725F40B1A00BC4DC0 /* Info.plist */,
				AD933B4225F40B1A00BC4DC0 /* Assets.xcassets */,
				AD933B4425F40B1A00BC4DC0 /* Preview Content */,
				AD933B5525F4162000BC4DC0 /* UI */,
				AD933B5725F4166A00BC4DC0 /* Util */,
			);
			path = QRScanner;
			sourceTree = "<group>";
		};
		AD933B4425F40B1A00BC4DC0 /* Preview Content */ = {
			isa = PBXGroup;
			children = (
				AD933B4525F40B1A00BC4DC0 /* Preview Assets.xcassets */,
			);
			path = "Preview Content";
			sourceTree = "<group>";
		};
		AD933B5525F4162000BC4DC0 /* UI */ = {
			isa = PBXGroup;
			children = (
				AD933B4025F40B1900BC4DC0 /* ContentView.swift */,
				AD933B3E25F40B1900BC4DC0 /* QRScannerApp.swift */,
				AD933B5225F40B9500BC4DC0 /* QRView.swift */,
				AD933B6125F4309300BC4DC0 /* QRMessageView.swift */,
			);
			path = UI;
			sourceTree = "<group>";
		};
		AD933B5725F4166A00BC4DC0 /* Util */ = {
			isa = PBXGroup;
			children = (
				AD933B4F25F40B3200BC4DC0 /* QRDecoder.swift */,
				AD933B5C25F4173400BC4DC0 /* QRViewController.swift */,
			);
			path = Util;
			sourceTree = "<group>";
		};
/* End PBXGroup section */

/* Begin PBXNativeTarget section */
		AD933B3A25F40B1900BC4DC0 /* QRScanner */ = {
			isa = PBXNativeTarget;
			buildConfigurationList = AD933B4B25F40B1A00BC4DC0 /* Build configuration list for PBXNativeTarget "QRScanner" */;
			buildPhases = (
				AD933B3725F40B1900BC4DC0 /* Sources */,
				AD933B3825F40B1900BC4DC0 /* Frameworks */,
				AD933B3925F40B1900BC4DC0 /* Resources */,
			);
			buildRules = (
			);
			dependencies = (
			);
			name = QRScanner;
			productName = QRScanner;
			productReference = AD933B3B25F40B1900BC4DC0 /* QRScanner.app */;
			productType = "com.apple.product-type.application";
		};
/* End PBXNativeTarget section */

/* Begin PBXProject section */
		AD933B3325F40B1900BC4DC0 /* Project object */ = {
			isa = PBXProject;
			attributes = {
				LastSwiftUpdateCheck = 1240;
				LastUpgradeCheck = 1240;
				TargetAttributes = {
					AD933B3A25F40B1900BC4DC0 = {
						CreatedOnToolsVersion = 12.4;
					};
				};
			};
			buildConfigurationList = AD933B3625F40B1900BC4DC0 /* Build configuration list for PBXProject "QRScanner" */;
			compatibilityVersion = "Xcode 9.3";
			developmentRegion = en;
			hasScannedForEncodings = 0;
			knownRegions = (
				en,
				Base,
			);
			mainGroup = AD933B3225F40B1900BC4DC0;
			productRefGroup = AD933B3C25F40B1900BC4DC0 /* Products */;
			projectDirPath = "";
			projectRoot = "";
			targets = (
				AD933B3A25F40B1900BC4DC0 /* QRScanner */,
			);
		};
/* End PBXProject section */

/* Begin PBXResourcesBuildPhase section */
		AD933B3925F40B1900BC4DC0 /* Resources */ = {
			isa = PBXResourcesBuildPhase;
			buildActionMask = 2147483647;
			files = (
				AD933B4625F40B1A00BC4DC0 /* Preview Assets.xcassets in Resources */,
				AD933B4325F40B1A00BC4DC0 /* Assets.xcassets in Resources */,
			);
			runOnlyForDeploymentPostprocessing = 0;
		};
/* End PBXResourcesBuildPhase section */

/* Begin PBXSourcesBuildPhase section */
		AD933B3725F40B1900BC4DC0 /* Sources */ = {
			isa = PBXSourcesBuildPhase;
			buildActionMask = 2147483647;
			files = (
				AD933B5025F40B3200BC4DC0 /* QRDecoder.swift in Sources */,
				AD933B6225F4309300BC4DC0 /* QRMessageView.swift in Sources */,
				AD933B5D25F4173400BC4DC0 /* QRViewController.swift in Sources */,
				AD933B5325F40B9500BC4DC0 /* QRView.swift in Sources */,
				AD933B4125F40B1900BC4DC0 /* ContentView.swift in Sources */,
				AD933B3F25F40B1900BC4DC0 /* QRScannerApp.swift in Sources */,
			);
			runOnlyForDeploymentPostprocessing = 0;
		};
/* End PBXSourcesBuildPhase section */

/* Begin XCBuildConfiguration section */
		AD933B4925F40B1A00BC4DC0 /* Debug */ = {
			isa = XCBuildConfiguration;
			buildSettings = {
				ALWAYS_SEARCH_USER_PATHS = NO;
				CLANG_ANALYZER_NONNULL = YES;
				CLANG_ANALYZER_NUMBER_OBJECT_CONVERSION = YES_AGGRESSIVE;
				CLANG_CXX_LANGUAGE_STANDARD = "gnu++14";
				CLANG_CXX_LIBRARY = "libc++";
				CLANG_ENABLE_MODULES = YES;
				CLANG_ENABLE_OBJC_ARC = YES;
				CLANG_ENABLE_OBJC_WEAK = YES;
				CLANG_WARN_BLOCK_CAPTURE_AUTORELEASING = YES;
				CLANG_WARN_BOOL_CONVERSION = YES;
				CLANG_WARN_COMMA = YES;
				CLANG_WARN_CONSTANT_CONVERSION = YES;
				CLANG_WARN_DEPRECATED_OBJC_IMPLEMENTATIONS = YES;
				CLANG_WARN_DIRECT_OBJC_ISA_USAGE = YES_ERROR;
				CLANG_WARN_DOCUMENTATION_COMMENTS = YES;
				CLANG_WARN_EMPTY_BODY = YES;
				CLANG_WARN_ENUM_CONVERSION = YES;
				CLANG_WARN_INFINITE_RECURSION = YES;
				CLANG_WARN_INT_CONVERSION = YES;
				CLANG_WARN_NON_LITERAL_NULL_CONVERSION = YES;
				CLANG_WARN_OBJC_IMPLICIT_RETAIN_SELF = YES;
				CLANG_WARN_OBJC_LITERAL_CONVERSION = YES;
				CLANG_WARN_OBJC_ROOT_CLASS = YES_ERROR;
				CLANG_WARN_QUOTED_INCLUDE_IN_FRAMEWORK_HEADER = YES;
				CLANG_WARN_RANGE_LOOP_ANALYSIS = YES;
				CLANG_WARN_STRICT_PROTOTYPES = YES;
				CLANG_WARN_SUSPICIOUS_MOVE = YES;
				CLANG_WARN_UNGUARDED_AVAILABILITY = YES_AGGRESSIVE;
				CLANG_WARN_UNREACHABLE_CODE = YES;
				CLANG_WARN__DUPLICATE_METHOD_MATCH = YES;
				COPY_PHASE_STRIP = NO;
				DEBUG_INFORMATION_FORMAT = dwarf;
				ENABLE_STRICT_OBJC_MSGSEND = YES;
				ENABLE_TESTABILITY = YES;
				GCC_C_LANGUAGE_STANDARD = gnu11;
				GCC_DYNAMIC_NO_PIC = NO;
				GCC_NO_COMMON_BLOCKS = YES;
				GCC_OPTIMIZATION_LEVEL = 0;
				GCC_PREPROCESSOR_DEFINITIONS = (
					"DEBUG=1",
					"$(inherited)",
				);
				GCC_WARN_64_TO_32_BIT_CONVERSION = YES;
				GCC_WARN_ABOUT_RETURN_TYPE = YES_ERROR;
				GCC_WARN_UNDECLARED_SELECTOR = YES;
				GCC_WARN_UNINITIALIZED_AUTOS = YES_AGGRESSIVE;
				GCC_WARN_UNUSED_FUNCTION = YES;
				GCC_WARN_UNUSED_VARIABLE = YES;
				INFOPLIST_FILE = "";
				MACOSX_DEPLOYMENT_TARGET = 11.1;
				MTL_ENABLE_DEBUG_INFO = INCLUDE_SOURCE;
				MTL_FAST_MATH = YES;
				ONLY_ACTIVE_ARCH = YES;
				SDKROOT = macosx;
				SWIFT_ACTIVE_COMPILATION_CONDITIONS = DEBUG;
				SWIFT_OPTIMIZATION_LEVEL = "-Onone";
			};
			name = Debug;
		};
		AD933B4A25F40B1A00BC4DC0 /* Release */ = {
			isa = XCBuildConfiguration;
			buildSettings = {
				ALWAYS_SEARCH_USER_PATHS = NO;
				CLANG_ANALYZER_NONNULL = YES;
				CLANG_ANALYZER_NUMBER_OBJECT_CONVERSION = YES_AGGRESSIVE;
				CLANG_CXX_LANGUAGE_STANDARD = "gnu++14";
				CLANG_CXX_LIBRARY = "libc++";
				CLANG_ENABLE_MODULES = YES;
				CLANG_ENABLE_OBJC_ARC = YES;
				CLANG_ENABLE_OBJC_WEAK = YES;
				CLANG_WARN_BLOCK_CAPTURE_AUTORELEASING = YES;
				CLANG_WARN_BOOL_CONVERSION = YES;
				CLANG_WARN_COMMA = YES;
				CLANG_WARN_CONSTANT_CONVERSION = YES;
				CLANG_WARN_DEPRECATED_OBJC_IMPLEMENTATIONS = YES;
				CLANG_WARN_DIRECT_OBJC_ISA_USAGE = YES_ERROR;
				CLANG_WARN_DOCUMENTATION_COMMENTS = YES;
				CLANG_WARN_EMPTY_BODY = YES;
				CLANG_WARN_ENUM_CONVERSION = YES;
				CLANG_WARN_INFINITE_RECURSION = YES;
				CLANG_WARN_INT_CONVERSION = YES;
				CLANG_WARN_NON_LITERAL_NULL_CONVERSION = YES;
				CLANG_WARN_OBJC_IMPLICIT_RETAIN_SELF = YES;
				CLANG_WARN_OBJC_LITERAL_CONVERSION = YES;
				CLANG_WARN_OBJC_ROOT_CLASS = YES_ERROR;
				CLANG_WARN_QUOTED_INCLUDE_IN_FRAMEWORK_HEADER = YES;
				CLANG_WARN_RANGE_LOOP_ANALYSIS = YES;
				CLANG_WARN_STRICT_PROTOTYPES = YES;
				CLANG_WARN_SUSPICIOUS_MOVE = YES;
				CLANG_WARN_UNGUARDED_AVAILABILITY = YES_AGGRESSIVE;
				CLANG_WARN_UNREACHABLE_CODE = YES;
				CLANG_WARN__DUPLICATE_METHOD_MATCH = YES;
				COPY_PHASE_STRIP = NO;
				DEBUG_INFORMATION_FORMAT = "dwarf-with-dsym";
				ENABLE_NS_ASSERTIONS = NO;
				ENABLE_STRICT_OBJC_MSGSEND = YES;
				GCC_C_LANGUAGE_STANDARD = gnu11;
				GCC_NO_COMMON_BLOCKS = YES;
				GCC_WARN_64_TO_32_BIT_CONVERSION = YES;
				GCC_WARN_ABOUT_RETURN_TYPE = YES_ERROR;
				GCC_WARN_UNDECLARED_SELECTOR = YES;
				GCC_WARN_UNINITIALIZED_AUTOS = YES_AGGRESSIVE;
				GCC_WARN_UNUSED_FUNCTION = YES;
				GCC_WARN_UNUSED_VARIABLE = YES;
				INFOPLIST_FILE = "";
				MACOSX_DEPLOYMENT_TARGET = 11.1;
				MTL_ENABLE_DEBUG_INFO = NO;
				MTL_FAST_MATH = YES;
				SDKROOT = macosx;
				SWIFT_COMPILATION_MODE = wholemodule;
				SWIFT_OPTIMIZATION_LEVEL = "-O";
			};
			name = Release;
		};
		AD933B4C25F40B1A00BC4DC0 /* Debug */ = {
			isa = XCBuildConfiguration;
			buildSettings = {
				ASSETCATALOG_COMPILER_APPICON_NAME = AppIcon;
				ASSETCATALOG_COMPILER_GLOBAL_ACCENT_COLOR_NAME = AccentColor;
				CODE_SIGN_ENTITLEMENTS = QRScanner/QRScanner.entitlements;
				CODE_SIGN_STYLE = Automatic;
				COMBINE_HIDPI_IMAGES = YES;
				DEVELOPMENT_ASSET_PATHS = "\"QRScanner/Preview Content\"";
				ENABLE_PREVIEWS = YES;
				INFOPLIST_FILE = QRScanner/Info.plist;
				LD_RUNPATH_SEARCH_PATHS = (
					"$(inherited)",
					"@executable_path/../Frameworks",
				);
				MACOSX_DEPLOYMENT_TARGET = 11.0;
				PRODUCT_BUNDLE_IDENTIFIER = com.illusaen.dev.QRScanner;
				PRODUCT_NAME = "$(TARGET_NAME)";
				SWIFT_VERSION = 5.0;
			};
			name = Debug;
		};
		AD933B4D25F40B1A00BC4DC0 /* Release */ = {
			isa = XCBuildConfiguration;
			buildSettings = {
				ASSETCATALOG_COMPILER_APPICON_NAME = AppIcon;
				ASSETCATALOG_COMPILER_GLOBAL_ACCENT_COLOR_NAME = AccentColor;
				CODE_SIGN_ENTITLEMENTS = QRScanner/QRScanner.entitlements;
				CODE_SIGN_STYLE = Automatic;
				COMBINE_HIDPI_IMAGES = YES;
				DEVELOPMENT_ASSET_PATHS = "\"QRScanner/Preview Content\"";
				ENABLE_PREVIEWS = YES;
				INFOPLIST_FILE = QRScanner/Info.plist;
				LD_RUNPATH_SEARCH_PATHS = (
					"$(inherited)",
					"@executable_path/../Frameworks",
				);
				MACOSX_DEPLOYMENT_TARGET = 11.0;
				PRODUCT_BUNDLE_IDENTIFIER = com.illusaen.dev.QRScanner;
				PRODUCT_NAME = "$(TARGET_NAME)";
				SWIFT_VERSION = 5.0;
			};
			name = Release;
		};
/* End XCBuildConfiguration section */

/* Begin XCConfigurationList section */
		AD933B3625F40B1900BC4DC0 /* Build configuration list for PBXProject "QRScanner" */ = {
			isa = XCConfigurationList;
			buildConfigurations = (
				AD933B4925F40B1A00BC4DC0 /* Debug */,
				AD933B4A25F40B1A00BC4DC0 /* Release */,
			);
			defaultConfigurationIsVisible = 0;
			defaultConfigurationName = Release;
		};
		AD933B4B25F40B1A00BC4DC0 /* Build configuration list for PBXNativeTarget "QRScanner" */ = {
			isa = XCConfigurationList;
			buildConfigurations = (
				AD933B4C25F40B1A00BC4DC0 /* Debug */,
				AD933B4D25F40B1A00BC4DC0 /* Release */,
			);
			defaultConfigurationIsVisible = 0;
			defaultConfigurationName = Release;
		};
/* End XCConfigurationList section */
	};
	rootObject = AD933B3325F40B1900BC4DC0 /* Project object */;
}
